{
  "name": "magento2-core",
  "version": "1.0.0",
  "lockfileVersion": 3,
  "requires": true,
  "packages": {
    "": {
      "name": "magento2-core",
      "version": "1.0.0",
      "license": "ISC",
      "devDependencies": {
        "@playwright/test": "^1.56.1",
        "@types/node": "^22.10.7",
        "playwright-fixture-for-plugins": "github:sequra/playwright-fixture-for-plugins#1.1.0",
        "sequra-core-admin-fe": "github:sequra/integration-core-ui#2.3.0"
      }
    },
    "node_modules/@playwright/test": {
      "version": "1.58.2",
      "resolved": "https://registry.npmjs.org/@playwright/test/-/test-1.58.2.tgz",
      "integrity": "sha512-akea+6bHYBBfA9uQqSYmlJXn61cTa+jbO87xVLCWbTqbWadRVmhxlXATaOjOgcBaWU4ePo0wB41KMFv3o35IXA==",
      "dev": true,
      "license": "Apache-2.0",
      "dependencies": {
        "playwright": "1.58.2"
      },
      "bin": {
        "playwright": "cli.js"
      },
      "engines": {
        "node": ">=18"
      }
    },
    "node_modules/@types/node": {
      "version": "22.19.15",
      "resolved": "https://registry.npmjs.org/@types/node/-/node-22.19.15.tgz",
      "integrity": "sha512-F0R/h2+dsy5wJAUe3tAU6oqa2qbWY5TpNfL/RGmo1y38hiyO1w3x2jPtt76wmuaJI4DQnOBu21cNXQ2STIUUWg==",
      "dev": true,
      "license": "MIT",
      "dependencies": {
        "undici-types": "~6.21.0"
      }
    },
    "node_modules/dayjs": {
      "version": "1.11.20",
      "resolved": "https://registry.npmjs.org/dayjs/-/dayjs-1.11.20.tgz",
      "integrity": "sha512-YbwwqR/uYpeoP4pu043q+LTDLFBLApUP6VxRihdfNTqu4ubqMlGDLd6ErXhEgsyvY0K6nCs7nggYumAN+9uEuQ==",
      "dev": true,
      "license": "MIT"
    },
    "node_modules/diff-dom": {
      "version": "5.2.1",
      "resolved": "https://registry.npmjs.org/diff-dom/-/diff-dom-5.2.1.tgz",
      "integrity": "sha512-G6WquwIa/XOxiYDYRMxfJj+c+a6LXMv7zgXoAQ3eRjTYkc8Lc4Aq97krTu/B15r243FR7dyeSxDenzKtO6sbfA==",
      "dev": true,
      "license": "LGPL-3.0"
    },
    "node_modules/fsevents": {
      "version": "2.3.2",
      "resolved": "https://registry.npmjs.org/fsevents/-/fsevents-2.3.2.tgz",
      "integrity": "sha512-xiqMQR4xAeHTuB9uWm+fFRcIOgKBMiOBP+eXiyT7jsgVCq1bkVygt00oASowB7EdtpOHaaPgKt812P9ab+DDKA==",
      "dev": true,
      "hasInstallScript": true,
      "license": "MIT",
      "optional": true,
      "os": [
        "darwin"
      ],
      "engines": {
        "node": "^8.16.0 || ^10.6.0 || >=11.0.0"
      }
    },
    "node_modules/json-formatter-js": {
      "version": "2.5.23",
      "resolved": "https://registry.npmjs.org/json-formatter-js/-/json-formatter-js-2.5.23.tgz",
      "integrity": "sha512-Cbm8wHXjo/C56aCePP1VuKvjxoMEmL7g7Ckss1oWFFlCsvOEEbye1kTeaNNaqba1Cl6YpIOYAnK65pUQ8mDIUQ==",
      "dev": true,
      "license": "MIT"
    },
    "node_modules/playwright": {
      "version": "1.58.2",
      "resolved": "https://registry.npmjs.org/playwright/-/playwright-1.58.2.tgz",
      "integrity": "sha512-vA30H8Nvkq/cPBnNw4Q8TWz1EJyqgpuinBcHET0YVJVFldr8JDNiU9LaWAE1KqSkRYazuaBhTpB5ZzShOezQ6A==",
      "dev": true,
      "license": "Apache-2.0",
      "dependencies": {
        "playwright-core": "1.58.2"
      },
      "bin": {
        "playwright": "cli.js"
      },
      "engines": {
        "node": ">=18"
      },
      "optionalDependencies": {
        "fsevents": "2.3.2"
      }
    },
    "node_modules/playwright-core": {
      "version": "1.58.2",
      "resolved": "https://registry.npmjs.org/playwright-core/-/playwright-core-1.58.2.tgz",
      "integrity": "sha512-yZkEtftgwS8CsfYo7nm0KE8jsvm6i/PTgVtB8DL726wNf6H2IMsDuxCpJj59KDaxCtSnrWan2AeDqM7JBaultg==",
      "dev": true,
      "license": "Apache-2.0",
      "bin": {
        "playwright-core": "cli.js"
      },
      "engines": {
        "node": ">=18"
      }
    },
    "node_modules/playwright-fixture-for-plugins": {
      "version": "1.1.0",
      "resolved": "git+ssh://git@github.com/sequra/playwright-fixture-for-plugins.git#e226c3b1bac768dae94f0e12b615c4c03468cfd3",
      "dev": true,
      "license": "MIT"
    },
    "node_modules/sequra-core-admin-fe": {
      "version": "2.3.0",
      "resolved": "git+ssh://git@github.com/sequra/integration-core-ui.git#7b222345aa447c84fef524f7a51716f0639fad35",
      "dev": true,
      "dependencies": {
        "json-formatter-js": "^2.5.23",
        "simple-datatables": "^10.0.0"
      }
    },
    "node_modules/simple-datatables": {
      "version": "10.2.0",
      "resolved": "https://registry.npmjs.org/simple-datatables/-/simple-datatables-10.2.0.tgz",
      "integrity": "sha512-Lq3k5JZ4WXT0G0dhIAUfYc3M+GRs9y8U15wfbF7i67/rPm8wa43Iyrac+yP+lXQVTy1MPCPvxvZ44P9N4k0OhQ==",
      "dev": true,
      "license": "LGPL-3.0",
      "dependencies": {
        "dayjs": "^1.11.10",
        "diff-dom": "5.2.1"
      }
    },
    "node_modules/undici-types": {
      "version": "6.21.0",
      "resolved": "https://registry.npmjs.org/undici-types/-/undici-types-6.21.0.tgz",
      "integrity": "sha512-iwDZqg0QAGrg9Rav5H4n0M64c3mkR59cJ6wQp+7C4nI0gsmExaedaYLNO44eT4AtBBwjbTiGPMlt2Md0T9H9JQ==",
      "dev": true,
      "license": "MIT"
    }
  }
}
