{
  "name": "magento2-core",
  "version": "1.0.0",
  "lockfileVersion": 3,
  "requires": true,
  "packages": {
    "": {
      "name": "magento2-core",
      "version": "1.0.0",
      "license": "ISC",
      "devDependencies": {
        "@playwright/test": "^1.56.1",
        "@types/node": "^22.10.7",
        "playwright-fixture-for-plugins": "github:sequra/playwright-fixture-for-plugins",
        "sequra-core-admin-fe": "github:sequra/integration-core-ui#feature/LIS-90"
      }
    },
    "node_modules/@playwright/test": {
      "version": "1.57.0",
      "resolved": "https://registry.npmjs.org/@playwright/test/-/test-1.57.0.tgz",
      "integrity": "sha512-6TyEnHgd6SArQO8UO2OMTxshln3QMWBtPGrOCgs3wVEmQmwyuNtB10IZMfmYDE0riwNR1cu4q+pPcxMVtaG3TA==",
      "dev": true,
      "license": "Apache-2.0",
      "dependencies": {
        "playwright": "1.57.0"
      },
      "bin": {
        "playwright": "cli.js"
      },
      "engines": {
        "node": ">=18"
      }
    },
    "node_modules/@types/node": {
      "version": "22.19.3",
      "resolved": "https://registry.npmjs.org/@types/node/-/node-22.19.3.tgz",
      "integrity": "sha512-1N9SBnWYOJTrNZCdh/yJE+t910Y128BoyY+zBLWhL3r0TYzlTmFdXrPwHL9DyFZmlEXNQQolTZh3KHV31QDhyA==",
      "dev": true,
      "license": "MIT",
      "dependencies": {
        "undici-types": "~6.21.0"
      }
    },
    "node_modules/dayjs": {
      "version": "1.11.19",
      "resolved": "https://registry.npmjs.org/dayjs/-/dayjs-1.11.19.tgz",
      "integrity": "sha512-t5EcLVS6QPBNqM2z8fakk/NKel+Xzshgt8FFKAn+qwlD1pzZWxh0nVCrvFK7ZDb6XucZeF9z8C7CBWTRIVApAw==",
      "dev": true,
      "license": "MIT"
    },
    "node_modules/diff-dom": {
      "version": "5.2.1",
      "resolved": "https://registry.npmjs.org/diff-dom/-/diff-dom-5.2.1.tgz",
      "integrity": "sha512-G6WquwIa/XOxiYDYRMxfJj+c+a6LXMv7zgXoAQ3eRjTYkc8Lc4Aq97krTu/B15r243FR7dyeSxDenzKtO6sbfA==",
      "dev": true,
      "license": "LGPL-3.0"
    },
    "node_modules/fsevents": {
      "version": "2.3.2",
      "resolved": "https://registry.npmjs.org/fsevents/-/fsevents-2.3.2.tgz",
      "integrity": "sha512-xiqMQR4xAeHTuB9uWm+fFRcIOgKBMiOBP+eXiyT7jsgVCq1bkVygt00oASowB7EdtpOHaaPgKt812P9ab+DDKA==",
      "dev": true,
      "hasInstallScript": true,
      "license": "MIT",
      "optional": true,
      "os": [
        "darwin"
      ],
      "engines": {
        "node": "^8.16.0 || ^10.6.0 || >=11.0.0"
      }
    },
    "node_modules/json-formatter-js": {
      "version": "2.5.23",
      "resolved": "https://registry.npmjs.org/json-formatter-js/-/json-formatter-js-2.5.23.tgz",
      "integrity": "sha512-Cbm8wHXjo/C56aCePP1VuKvjxoMEmL7g7Ckss1oWFFlCsvOEEbye1kTeaNNaqba1Cl6YpIOYAnK65pUQ8mDIUQ==",
      "dev": true,
      "license": "MIT"
    },
    "node_modules/playwright": {
      "version": "1.57.0",
      "resolved": "https://registry.npmjs.org/playwright/-/playwright-1.57.0.tgz",
      "integrity": "sha512-ilYQj1s8sr2ppEJ2YVadYBN0Mb3mdo9J0wQ+UuDhzYqURwSoW4n1Xs5vs7ORwgDGmyEh33tRMeS8KhdkMoLXQw==",
      "dev": true,
      "license": "Apache-2.0",
      "dependencies": {
        "playwright-core": "1.57.0"
      },
      "bin": {
        "playwright": "cli.js"
      },
      "engines": {
        "node": ">=18"
      },
      "optionalDependencies": {
        "fsevents": "2.3.2"
      }
    },
    "node_modules/playwright-core": {
      "version": "1.57.0",
      "resolved": "https://registry.npmjs.org/playwright-core/-/playwright-core-1.57.0.tgz",
      "integrity": "sha512-agTcKlMw/mjBWOnD6kFZttAAGHgi/Nw0CZ2o6JqWSbMlI219lAFLZZCyqByTsvVAJq5XA5H8cA6PrvBRpBWEuQ==",
      "dev": true,
      "license": "Apache-2.0",
      "bin": {
        "playwright-core": "cli.js"
      },
      "engines": {
        "node": ">=18"
      }
    },
    "node_modules/playwright-fixture-for-plugins": {
      "version": "1.1.0",
      "resolved": "git+ssh://git@github.com/sequra/playwright-fixture-for-plugins.git#e226c3b1bac768dae94f0e12b615c4c03468cfd3",
      "dev": true,
      "license": "MIT"
    },
    "node_modules/sequra-core-admin-fe": {
      "version": "2.0.2",
      "resolved": "git+ssh://git@github.com/sequra/integration-core-ui.git#8d0de30d6576fa38b5aeee887133e8fe8a825c1b",
      "dev": true,
      "dependencies": {
        "json-formatter-js": "^2.5.23",
        "simple-datatables": "^10.0.0"
      }
    },
    "node_modules/simple-datatables": {
      "version": "10.2.0",
      "resolved": "https://registry.npmjs.org/simple-datatables/-/simple-datatables-10.2.0.tgz",
      "integrity": "sha512-Lq3k5JZ4WXT0G0dhIAUfYc3M+GRs9y8U15wfbF7i67/rPm8wa43Iyrac+yP+lXQVTy1MPCPvxvZ44P9N4k0OhQ==",
      "dev": true,
      "license": "LGPL-3.0",
      "dependencies": {
        "dayjs": "^1.11.10",
        "diff-dom": "5.2.1"
      }
    },
    "node_modules/undici-types": {
      "version": "6.21.0",
      "resolved": "https://registry.npmjs.org/undici-types/-/undici-types-6.21.0.tgz",
      "integrity": "sha512-iwDZqg0QAGrg9Rav5H4n0M64c3mkR59cJ6wQp+7C4nI0gsmExaedaYLNO44eT4AtBBwjbTiGPMlt2Md0T9H9JQ==",
      "dev": true,
      "license": "MIT"
    }
  }
}
